<?xml version="1.0" encoding="utf-8"?>
<Project ToolsVersion="4.0" xmlns="http://schemas.microsoft.com/developer/msbuild/2003">
  <ItemGroup>
    <ClCompile Include="test.cpp" />
  </ItemGroup>
  <ItemGroup>
    <Filter Include="random">
      <UniqueIdentifier>{0f368760-21e0-4df9-9953-9cc221e75544}</UniqueIdentifier>
    </Filter>
    <Filter Include="containers">
      <UniqueIdentifier>{8cf268da-d774-4c4b-bf57-eeb1b3a92a9e}</UniqueIdentifier>
    </Filter>
  </ItemGroup>
  <ItemGroup>
    <ClInclude Include="random\rolls-tests.h">
      <Filter>random</Filter>
    </ClInclude>
    <ClInclude Include="containers\containers-test.h">
      <Filter>containers</Filter>
    </ClInclude>
  </ItemGroup>
</Project>